
Microsoft Visual Studio Solution File, Format Version 12.00
# Visual Studio Version 17
VisualStudioVersion = 17.3.32825.248
MinimumVisualStudioVersion = 10.0.40219.1
Project("{9A19103F-16F7-4668-BE54-9A1E7A4F7556}") = "ProjectOnlineCatalogueData", "ProjectOnlineCatalogue\ProjectOnlineCatalogueData.csproj", "{A8FAEE75-E8D3-41FC-BC0D-B6BF5915E45A}"
EndProject
Project("{9A19103F-16F7-4668-BE54-9A1E7A4F7556}") = "ECatalogueApi", "ECatalogueApi\ECatalogueApi.csproj", "{2C364443-77E8-4671-AEBC-85B29EBA08EE}"
EndProject
Global
	GlobalSection(SolutionConfigurationPlatforms) = preSolution
		Debug|Any CPU = Debug|Any CPU
		Release|Any CPU = Release|Any CPU
	EndGlobalSection
	GlobalSection(ProjectConfigurationPlatforms) = postSolution
		{A8FAEE75-E8D3-41FC-BC0D-B6BF5915E45A}.Debug|Any CPU.ActiveCfg = Debug|Any CPU
		{A8FAEE75-E8D3-41FC-BC0D-B6BF5915E45A}.Debug|Any CPU.Build.0 = Debug|Any CPU
		{A8FAEE75-E8D3-41FC-BC0D-B6BF5915E45A}.Release|Any CPU.ActiveCfg = Release|Any CPU
		{A8FAEE75-E8D3-41FC-BC0D-B6BF5915E45A}.Release|Any CPU.Build.0 = Release|Any CPU
		{2C364443-77E8-4671-AEBC-85B29EBA08EE}.Debug|Any CPU.ActiveCfg = Debug|Any CPU
		{2C364443-77E8-4671-AEBC-85B29EBA08EE}.Debug|Any CPU.Build.0 = Debug|Any CPU
		{2C364443-77E8-4671-AEBC-85B29EBA08EE}.Release|Any CPU.ActiveCfg = Release|Any CPU
		{2C364443-77E8-4671-AEBC-85B29EBA08EE}.Release|Any CPU.Build.0 = Release|Any CPU
	EndGlobalSection
	GlobalSection(SolutionProperties) = preSolution
		HideSolutionNode = FALSE
	EndGlobalSection
	GlobalSection(ExtensibilityGlobals) = postSolution
		SolutionGuid = {193642FC-8F8B-4845-8E0A-C5CA19E99DC9}
	EndGlobalSection
EndGlobal
